
Microsoft Visual Studio Solution File, Format Version 12.00
# Visual Studio 2013
VisualStudioVersion = 12.0.21005.1
MinimumVisualStudioVersion = 10.0.40219.1
Project("{FAE04EC0-301F-11D3-BF4B-00C04F79EFBC}") = "Galileo", "Galileo\Galileo.csproj", "{C7F3F5EB-654E-4B08-A7A1-07D34A051973}"
EndProject
Global
	GlobalSection(SolutionConfigurationPlatforms) = preSolution
		Debug|Any CPU = Debug|Any CPU
		Release|Any CPU = Release|Any CPU
	EndGlobalSection
	GlobalSection(ProjectConfigurationPlatforms) = postSolution
		{C7F3F5EB-654E-4B08-A7A1-07D34A051973}.Debug|Any CPU.ActiveCfg = Debug|Any CPU
		{C7F3F5EB-654E-4B08-A7A1-07D34A051973}.Debug|Any CPU.Build.0 = Debug|Any CPU
		{C7F3F5EB-654E-4B08-A7A1-07D34A051973}.Release|Any CPU.ActiveCfg = Release|Any CPU
		{C7F3F5EB-654E-4B08-A7A1-07D34A051973}.Release|Any CPU.Build.0 = Release|Any CPU
	EndGlobalSection
	GlobalSection(SolutionProperties) = preSolution
		HideSolutionNode = FALSE
	EndGlobalSection
EndGlobal
